
Microsoft Visual Studio Solution File, Format Version 12.00
Project("{FAE04EC0-301F-11D3-BF4B-00C04F79EFBC}") = "Zoo", "Zoo\Zoo.csproj", "{1522D088-B3BE-40B9-A375-C7E6E91C4339}"
EndProject
Project("{FAE04EC0-301F-11D3-BF4B-00C04F79EFBC}") = "ZooTests", "ZooTests\ZooTests.csproj", "{46226EF0-7F4B-442B-9922-9679D177C70A}"
EndProject
Global
	GlobalSection(SolutionConfigurationPlatforms) = preSolution
		Debug|Any CPU = Debug|Any CPU
		Release|Any CPU = Release|Any CPU
	EndGlobalSection
	GlobalSection(ProjectConfigurationPlatforms) = postSolution
		{1522D088-B3BE-40B9-A375-C7E6E91C4339}.Debug|Any CPU.ActiveCfg = Debug|Any CPU
		{1522D088-B3BE-40B9-A375-C7E6E91C4339}.Debug|Any CPU.Build.0 = Debug|Any CPU
		{1522D088-B3BE-40B9-A375-C7E6E91C4339}.Release|Any CPU.ActiveCfg = Release|Any CPU
		{1522D088-B3BE-40B9-A375-C7E6E91C4339}.Release|Any CPU.Build.0 = Release|Any CPU
		{46226EF0-7F4B-442B-9922-9679D177C70A}.Debug|Any CPU.ActiveCfg = Debug|Any CPU
		{46226EF0-7F4B-442B-9922-9679D177C70A}.Debug|Any CPU.Build.0 = Debug|Any CPU
		{46226EF0-7F4B-442B-9922-9679D177C70A}.Release|Any CPU.ActiveCfg = Release|Any CPU
		{46226EF0-7F4B-442B-9922-9679D177C70A}.Release|Any CPU.Build.0 = Release|Any CPU
	EndGlobalSection
EndGlobal
